PODS:
  - FMDB (2.0):
    - FMDB/standard
  - FMDB/common (2.0)
  - FMDB/standard (2.0):
    - FMDB/common
  - Kiwi (2.0.6)
  - ObjectiveSugar (0.6.2)

DEPENDENCIES:
  - FMDB
  - Kiwi
  - ObjectiveSugar

SPEC CHECKSUMS:
  FMDB: 30a7cbcdbd354f5ee1ba081a8773fd9130c43b48
  Kiwi: 56082a80f942de4d10423d8d8a599ab30cf50228
  ObjectiveSugar: 50bcd329b18ab6da6457e1bf55be71acb7c39d44

COCOAPODS: 0.19.1
